{
  "name": "drupal-graphql-compose.github.io",
  "lockfileVersion": 3,
  "requires": true,
  "packages": {
    "": {
      "dependencies": {
        "ghspa": "^1.0.0"
      }
    },
    "node_modules/ghspa": {
      "version": "1.0.0",
      "resolved": "https://registry.npmjs.org/ghspa/-/ghspa-1.0.0.tgz",
      "integrity": "sha512-90wuxOUaFuy6LoEN9UOYQjAco9yY6CitNB9iH5yOeptMk74OcR9TdLUCk6mZKF3+jN5YOVNlXQNZbGh+rt4oTg=="
    }
  }
}
